// !$*UTF8*$!
{
	archiveVersion = 1;
	classes = {
	};
	objectVersion = 77;
	objects = {

/* Begin PBXBuildFile section */
		4E5ED0122EAE43450077FD79 /* Cocoa.framework in Frameworks */ = {isa = PBXBuildFile; fileRef = 4E5ED0112EAE43450077FD79 /* Cocoa.framework */; };
		4E5ED0142EAE434F0077FD79 /* QuartzCore.framework in Frameworks */ = {isa = PBXBuildFile; fileRef = 4E5ED0132EAE434F0077FD79 /* QuartzCore.framework */; };
		4E6E81AA2EB0CDF30098DF72 /* MetalKit.framework in Frameworks */ = {isa = PBXBuildFile; fileRef = 4E6E81A92EB0CDF30098DF72 /* MetalKit.framework */; };
		4E6E81AC2EB0CE780098DF72 /* Metal.framework in Frameworks */ = {isa = PBXBuildFile; fileRef = 4E6E81AB2EB0CE780098DF72 /* Metal.framework */; };
		4EC79A612EACC7E100923AC4 /* AppKit.framework in Frameworks */ = {isa = PBXBuildFile; fileRef = 4EC79A602EACC7E100923AC4 /* AppKit.framework */; };
		4ED330D82E9E8AD70055CDAE /* Foundation.framework in Frameworks */ = {isa = PBXBuildFile; fileRef = 4ED330D72E9E8AD70055CDAE /* Foundation.framework */; };
/* End PBXBuildFile section */

/* Begin PBXCopyFilesBuildPhase section */
		4ED330C12E9E8A610055CDAE /* CopyFiles */ = {
			isa = PBXCopyFilesBuildPhase;
			buildActionMask = 2147483647;
			dstPath = /usr/share/man/man1/;
			dstSubfolderSpec = 0;
			files = (
			);
			runOnlyForDeploymentPostprocessing = 1;
		};
/* End PBXCopyFilesBuildPhase section */

/* Begin PBXFileReference section */
		4E5ED0112EAE43450077FD79 /* Cocoa.framework */ = {isa = PBXFileReference; lastKnownFileType = wrapper.framework; name = Cocoa.framework; path = System/Library/Frameworks/Cocoa.framework; sourceTree = SDKROOT; };
		4E5ED0132EAE434F0077FD79 /* QuartzCore.framework */ = {isa = PBXFileReference; lastKnownFileType = wrapper.framework; name = QuartzCore.framework; path = System/Library/Frameworks/QuartzCore.framework; sourceTree = SDKROOT; };
		4E6E81A92EB0CDF30098DF72 /* MetalKit.framework */ = {isa = PBXFileReference; lastKnownFileType = wrapper.framework; name = MetalKit.framework; path = System/Library/Frameworks/MetalKit.framework; sourceTree = SDKROOT; };
		4E6E81AB2EB0CE780098DF72 /* Metal.framework */ = {isa = PBXFileReference; lastKnownFileType = wrapper.framework; name = Metal.framework; path = System/Library/Frameworks/Metal.framework; sourceTree = SDKROOT; };
		4EC79A602EACC7E100923AC4 /* AppKit.framework */ = {isa = PBXFileReference; lastKnownFileType = wrapper.framework; name = AppKit.framework; path = System/Library/Frameworks/AppKit.framework; sourceTree = SDKROOT; };
		4ED330C32E9E8A610055CDAE /* objcc */ = {isa = PBXFileReference; explicitFileType = "compiled.mach-o.executable"; includeInIndex = 0; path = objcc; sourceTree = BUILT_PRODUCTS_DIR; };
		4ED330D72E9E8AD70055CDAE /* Foundation.framework */ = {isa = PBXFileReference; lastKnownFileType = wrapper.framework; name = Foundation.framework; path = System/Library/Frameworks/Foundation.framework; sourceTree = SDKROOT; };
		4ED330D92E9E8EB40055CDAE /* README.md */ = {isa = PBXFileReference; lastKnownFileType = net.daringfireball.markdown; path = README.md; sourceTree = "<group>"; };
/* End PBXFileReference section */

/* Begin PBXFileSystemSynchronizedRootGroup section */
		4E3A92502EAA816800C96D6A /* source */ = {
			isa = PBXFileSystemSynchronizedRootGroup;
			path = source;
			sourceTree = "<group>";
		};
		4ED330C52E9E8A610055CDAE /* objcc */ = {
			isa = PBXFileSystemSynchronizedRootGroup;
			path = objcc;
			sourceTree = "<group>";
		};
		4ED330CD2E9E8A7F0055CDAE /* include */ = {
			isa = PBXFileSystemSynchronizedRootGroup;
			path = include;
			sourceTree = "<group>";
		};
/* End PBXFileSystemSynchronizedRootGroup section */

/* Begin PBXFrameworksBuildPhase section */
		4ED330C02E9E8A610055CDAE /* Frameworks */ = {
			isa = PBXFrameworksBuildPhase;
			buildActionMask = 2147483647;
			files = (
				4E6E81AC2EB0CE780098DF72 /* Metal.framework in Frameworks */,
				4E6E81AA2EB0CDF30098DF72 /* MetalKit.framework in Frameworks */,
				4E5ED0142EAE434F0077FD79 /* QuartzCore.framework in Frameworks */,
				4E5ED0122EAE43450077FD79 /* Cocoa.framework in Frameworks */,
				4EC79A612EACC7E100923AC4 /* AppKit.framework in Frameworks */,
				4ED330D82E9E8AD70055CDAE /* Foundation.framework in Frameworks */,
			);
			runOnlyForDeploymentPostprocessing = 0;
		};
/* End PBXFrameworksBuildPhase section */

/* Begin PBXGroup section */
		4ED330BA2E9E8A610055CDAE = {
			isa = PBXGroup;
			children = (
				4ED330D92E9E8EB40055CDAE /* README.md */,
				4E3A92502EAA816800C96D6A /* source */,
				4ED330CD2E9E8A7F0055CDAE /* include */,
				4ED330C52E9E8A610055CDAE /* objcc */,
				4ED330D62E9E8AD70055CDAE /* Frameworks */,
				4ED330C42E9E8A610055CDAE /* Products */,
			);
			sourceTree = "<group>";
		};
		4ED330C42E9E8A610055CDAE /* Products */ = {
			isa = PBXGroup;
			children = (
				4ED330C32E9E8A610055CDAE /* objcc */,
			);
			name = Products;
			sourceTree = "<group>";
		};
		4ED330D62E9E8AD70055CDAE /* Frameworks */ = {
			isa = PBXGroup;
			children = (
				4E6E81AB2EB0CE780098DF72 /* Metal.framework */,
				4E6E81A92EB0CDF30098DF72 /* MetalKit.framework */,
				4E5ED0132EAE434F0077FD79 /* QuartzCore.framework */,
				4E5ED0112EAE43450077FD79 /* Cocoa.framework */,
				4EC79A602EACC7E100923AC4 /* AppKit.framework */,
				4ED330D72E9E8AD70055CDAE /* Foundation.framework */,
			);
			name = Frameworks;
			sourceTree = "<group>";
		};
/* End PBXGroup section */

/* Begin PBXNativeTarget section */
		4ED330C22E9E8A610055CDAE /* objcc */ = {
			isa = PBXNativeTarget;
			buildConfigurationList = 4ED330CA2E9E8A610055CDAE /* Build configuration list for PBXNativeTarget "objcc" */;
			buildPhases = (
				4ED330C02E9E8A610055CDAE /* Frameworks */,
				4ED330C12E9E8A610055CDAE /* CopyFiles */,
				4E3A92552EAA840900C96D6A /* Sources */,
			);
			buildRules = (
			);
			dependencies = (
			);
			fileSystemSynchronizedGroups = (
				4E3A92502EAA816800C96D6A /* source */,
				4ED330C52E9E8A610055CDAE /* objcc */,
				4ED330CD2E9E8A7F0055CDAE /* include */,
			);
			name = objcc;
			packageProductDependencies = (
			);
			productName = objcc;
			productReference = 4ED330C32E9E8A610055CDAE /* objcc */;
			productType = "com.apple.product-type.tool";
		};
/* End PBXNativeTarget section */

/* Begin PBXProject section */
		4ED330BB2E9E8A610055CDAE /* Project object */ = {
			isa = PBXProject;
			attributes = {
				BuildIndependentTargetsInParallel = 1;
				LastUpgradeCheck = 2600;
				TargetAttributes = {
					4ED330C22E9E8A610055CDAE = {
						CreatedOnToolsVersion = 26.0;
						LastSwiftMigration = 2600;
					};
				};
			};
			buildConfigurationList = 4ED330BE2E9E8A610055CDAE /* Build configuration list for PBXProject "objcc" */;
			developmentRegion = en;
			hasScannedForEncodings = 0;
			knownRegions = (
				en,
				Base,
			);
			mainGroup = 4ED330BA2E9E8A610055CDAE;
			minimizedProjectReferenceProxies = 1;
			preferredProjectObjectVersion = 77;
			productRefGroup = 4ED330C42E9E8A610055CDAE /* Products */;
			projectDirPath = "";
			projectRoot = "";
			targets = (
				4ED330C22E9E8A610055CDAE /* objcc */,
			);
		};
/* End PBXProject section */

/* Begin PBXSourcesBuildPhase section */
		4E3A92552EAA840900C96D6A /* Sources */ = {
			isa = PBXSourcesBuildPhase;
			buildActionMask = 2147483647;
			files = (
			);
			runOnlyForDeploymentPostprocessing = 0;
		};
/* End PBXSourcesBuildPhase section */

/* Begin XCBuildConfiguration section */
		4ED330C82E9E8A610055CDAE /* Debug */ = {
			isa = XCBuildConfiguration;
			buildSettings = {
				ALWAYS_SEARCH_USER_PATHS = NO;
				ASSETCATALOG_COMPILER_GENERATE_SWIFT_ASSET_SYMBOL_EXTENSIONS = YES;
				CLANG_ANALYZER_NONNULL = YES;
				CLANG_ANALYZER_NUMBER_OBJECT_CONVERSION = YES_AGGRESSIVE;
				CLANG_CXX_LANGUAGE_STANDARD = "gnu++20";
				CLANG_ENABLE_MODULES = YES;
				CLANG_ENABLE_OBJC_ARC = YES;
				CLANG_ENABLE_OBJC_WEAK = YES;
				CLANG_WARN_BLOCK_CAPTURE_AUTORELEASING = YES;
				CLANG_WARN_BOOL_CONVERSION = YES;
				CLANG_WARN_COMMA = YES;
				CLANG_WARN_CONSTANT_CONVERSION = YES;
				CLANG_WARN_DEPRECATED_OBJC_IMPLEMENTATIONS = YES;
				CLANG_WARN_DIRECT_OBJC_ISA_USAGE = YES_ERROR;
				CLANG_WARN_DOCUMENTATION_COMMENTS = YES;
				CLANG_WARN_EMPTY_BODY = YES;
				CLANG_WARN_ENUM_CONVERSION = YES;
				CLANG_WARN_INFINITE_RECURSION = YES;
				CLANG_WARN_INT_CONVERSION = YES;
				CLANG_WARN_NON_LITERAL_NULL_CONVERSION = YES;
				CLANG_WARN_OBJC_IMPLICIT_RETAIN_SELF = YES;
				CLANG_WARN_OBJC_LITERAL_CONVERSION = YES;
				CLANG_WARN_OBJC_ROOT_CLASS = YES_ERROR;
				CLANG_WARN_QUOTED_INCLUDE_IN_FRAMEWORK_HEADER = YES;
				CLANG_WARN_RANGE_LOOP_ANALYSIS = YES;
				CLANG_WARN_STRICT_PROTOTYPES = YES;
				CLANG_WARN_SUSPICIOUS_MOVE = YES;
				CLANG_WARN_UNGUARDED_AVAILABILITY = YES_AGGRESSIVE;
				CLANG_WARN_UNREACHABLE_CODE = YES;
				CLANG_WARN__DUPLICATE_METHOD_MATCH = YES;
				COPY_PHASE_STRIP = NO;
				DEBUG_INFORMATION_FORMAT = dwarf;
				DEVELOPMENT_TEAM = 685Q722C9S;
				ENABLE_STRICT_OBJC_MSGSEND = YES;
				ENABLE_TESTABILITY = YES;
				ENABLE_USER_SCRIPT_SANDBOXING = YES;
				GCC_C_LANGUAGE_STANDARD = gnu17;
				GCC_DYNAMIC_NO_PIC = NO;
				GCC_NO_COMMON_BLOCKS = YES;
				GCC_OPTIMIZATION_LEVEL = 0;
				GCC_PREPROCESSOR_DEFINITIONS = (
					"DEBUG=1",
					"$(inherited)",
				);
				GCC_WARN_64_TO_32_BIT_CONVERSION = YES;
				GCC_WARN_ABOUT_RETURN_TYPE = YES_ERROR;
				GCC_WARN_UNDECLARED_SELECTOR = YES;
				GCC_WARN_UNINITIALIZED_AUTOS = YES_AGGRESSIVE;
				GCC_WARN_UNUSED_FUNCTION = YES;
				GCC_WARN_UNUSED_VARIABLE = YES;
				LOCALIZATION_PREFERS_STRING_CATALOGS = YES;
				MACOSX_DEPLOYMENT_TARGET = 26.0;
				MTL_ENABLE_DEBUG_INFO = INCLUDE_SOURCE;
				MTL_FAST_MATH = YES;
				ONLY_ACTIVE_ARCH = YES;
				SDKROOT = macosx;
			};
			name = Debug;
		};
		4ED330C92E9E8A610055CDAE /* Release */ = {
			isa = XCBuildConfiguration;
			buildSettings = {
				ALWAYS_SEARCH_USER_PATHS = NO;
				ASSETCATALOG_COMPILER_GENERATE_SWIFT_ASSET_SYMBOL_EXTENSIONS = YES;
				CLANG_ANALYZER_NONNULL = YES;
				CLANG_ANALYZER_NUMBER_OBJECT_CONVERSION = YES_AGGRESSIVE;
				CLANG_CXX_LANGUAGE_STANDARD = "gnu++20";
				CLANG_ENABLE_MODULES = YES;
				CLANG_ENABLE_OBJC_ARC = YES;
				CLANG_ENABLE_OBJC_WEAK = YES;
				CLANG_WARN_BLOCK_CAPTURE_AUTORELEASING = YES;
				CLANG_WARN_BOOL_CONVERSION = YES;
				CLANG_WARN_COMMA = YES;
				CLANG_WARN_CONSTANT_CONVERSION = YES;
				CLANG_WARN_DEPRECATED_OBJC_IMPLEMENTATIONS = YES;
				CLANG_WARN_DIRECT_OBJC_ISA_USAGE = YES_ERROR;
				CLANG_WARN_DOCUMENTATION_COMMENTS = YES;
				CLANG_WARN_EMPTY_BODY = YES;
				CLANG_WARN_ENUM_CONVERSION = YES;
				CLANG_WARN_INFINITE_RECURSION = YES;
				CLANG_WARN_INT_CONVERSION = YES;
				CLANG_WARN_NON_LITERAL_NULL_CONVERSION = YES;
				CLANG_WARN_OBJC_IMPLICIT_RETAIN_SELF = YES;
				CLANG_WARN_OBJC_LITERAL_CONVERSION = YES;
				CLANG_WARN_OBJC_ROOT_CLASS = YES_ERROR;
				CLANG_WARN_QUOTED_INCLUDE_IN_FRAMEWORK_HEADER = YES;
				CLANG_WARN_RANGE_LOOP_ANALYSIS = YES;
				CLANG_WARN_STRICT_PROTOTYPES = YES;
				CLANG_WARN_SUSPICIOUS_MOVE = YES;
				CLANG_WARN_UNGUARDED_AVAILABILITY = YES_AGGRESSIVE;
				CLANG_WARN_UNREACHABLE_CODE = YES;
				CLANG_WARN__DUPLICATE_METHOD_MATCH = YES;
				COPY_PHASE_STRIP = NO;
				DEBUG_INFORMATION_FORMAT = "dwarf-with-dsym";
				DEVELOPMENT_TEAM = 685Q722C9S;
				ENABLE_NS_ASSERTIONS = NO;
				ENABLE_STRICT_OBJC_MSGSEND = YES;
				ENABLE_USER_SCRIPT_SANDBOXING = YES;
				GCC_C_LANGUAGE_STANDARD = gnu17;
				GCC_NO_COMMON_BLOCKS = YES;
				GCC_WARN_64_TO_32_BIT_CONVERSION = YES;
				GCC_WARN_ABOUT_RETURN_TYPE = YES_ERROR;
				GCC_WARN_UNDECLARED_SELECTOR = YES;
				GCC_WARN_UNINITIALIZED_AUTOS = YES_AGGRESSIVE;
				GCC_WARN_UNUSED_FUNCTION = YES;
				GCC_WARN_UNUSED_VARIABLE = YES;
				LOCALIZATION_PREFERS_STRING_CATALOGS = YES;
				MACOSX_DEPLOYMENT_TARGET = 26.0;
				MTL_ENABLE_DEBUG_INFO = NO;
				MTL_FAST_MATH = YES;
				SDKROOT = macosx;
			};
			name = Release;
		};
		4ED330CB2E9E8A610055CDAE /* Debug */ = {
			isa = XCBuildConfiguration;
			buildSettings = {
				CLANG_ENABLE_MODULES = YES;
				CODE_SIGN_STYLE = Automatic;
				DEVELOPMENT_TEAM = 685Q722C9S;
				ENABLE_HARDENED_RUNTIME = YES;
				HEADER_SEARCH_PATHS = "$(PROJECT_DIR)/include";
				PRODUCT_NAME = "$(TARGET_NAME)";
				SWIFT_OPTIMIZATION_LEVEL = "-Onone";
				SWIFT_VERSION = 6.0;
			};
			name = Debug;
		};
		4ED330CC2E9E8A610055CDAE /* Release */ = {
			isa = XCBuildConfiguration;
			buildSettings = {
				CLANG_ENABLE_MODULES = YES;
				CODE_SIGN_STYLE = Automatic;
				DEVELOPMENT_TEAM = 685Q722C9S;
				ENABLE_HARDENED_RUNTIME = YES;
				HEADER_SEARCH_PATHS = "$(PROJECT_DIR)/include";
				PRODUCT_NAME = "$(TARGET_NAME)";
				SWIFT_VERSION = 6.0;
			};
			name = Release;
		};
/* End XCBuildConfiguration section */

/* Begin XCConfigurationList section */
		4ED330BE2E9E8A610055CDAE /* Build configuration list for PBXProject "objcc" */ = {
			isa = XCConfigurationList;
			buildConfigurations = (
				4ED330C82E9E8A610055CDAE /* Debug */,
				4ED330C92E9E8A610055CDAE /* Release */,
			);
			defaultConfigurationIsVisible = 0;
			defaultConfigurationName = Release;
		};
		4ED330CA2E9E8A610055CDAE /* Build configuration list for PBXNativeTarget "objcc" */ = {
			isa = XCConfigurationList;
			buildConfigurations = (
				4ED330CB2E9E8A610055CDAE /* Debug */,
				4ED330CC2E9E8A610055CDAE /* Release */,
			);
			defaultConfigurationIsVisible = 0;
			defaultConfigurationName = Release;
		};
/* End XCConfigurationList section */
	};
	rootObject = 4ED330BB2E9E8A610055CDAE /* Project object */;
}
